// !$*UTF8*$!
{
	archiveVersion = 1;
	classes = {
	};
	objectVersion = 56;
	objects = {

/* Begin PBXBuildFile section */
		0038E9054B5B826E150E0CFC /* Models/Place.swift in Sources */ = {isa = PBXBuildFile; fileRef = 462C3FA5381F9817BE93B226 /* Models/Place.swift */; };
		0395D1BD30620340EB88B731 /* Models/Achievement.swift in Sources */ = {isa = PBXBuildFile; fileRef = D9B6FD2B98A083D497B367BA /* Models/Achievement.swift */; };
		16B56EA1799D6E9D3F16FA00 /* Models/City.swift in Sources */ = {isa = PBXBuildFile; fileRef = CDE99790B193BFDC6A48228F /* Models/City.swift */; };
		242BFC6536C364D6E481A725 /* Features/Explore/ExploreView.swift in Sources */ = {isa = PBXBuildFile; fileRef = D1486C155FD6321A56ACE2AE /* Features/Explore/ExploreView.swift */; };
		2C07F0F06FF25AE0E3B37EBA /* Features/Subscription/PaywallView.swift in Sources */ = {isa = PBXBuildFile; fileRef = 38D7D56D9C0FAFB4286D3643 /* Features/Subscription/PaywallView.swift */; };
		3684D71D50721500C80C1DEF /* Features/Auth/WelcomeView.swift in Sources */ = {isa = PBXBuildFile; fileRef = 01278C3F3E615C7E0C219668 /* Features/Auth/WelcomeView.swift */; };
		3B600D77746C8517363466BB /* Core/Extensions/View+Extensions.swift in Sources */ = {isa = PBXBuildFile; fileRef = 83F30A3BF1219D3E52663768 /* Core/Extensions/View+Extensions.swift */; };
		4D7CE563F900B9FE2D567EF1 /* Core/DesignSystem/Typography.swift in Sources */ = {isa = PBXBuildFile; fileRef = 37B8EA3A365B421F65EEE37B /* Core/DesignSystem/Typography.swift */; };
		525C1B2C938E48BE0E429B05 /* Core/Utilities/HapticManager.swift in Sources */ = {isa = PBXBuildFile; fileRef = C8AB938F2FAD9198FEAF1CC1 /* Core/Utilities/HapticManager.swift */; };
		6EB56006C8B1381F57469273 /* Models/CommunityPost.swift in Sources */ = {isa = PBXBuildFile; fileRef = BDDA812091A927A0132092C9 /* Models/CommunityPost.swift */; };
		769B7CA8353155C5B54AE5F0 /* Models/Country.swift in Sources */ = {isa = PBXBuildFile; fileRef = 945AA91C90214632B66D9A83 /* Models/Country.swift */; };
		7C6108BB8A262C49B0648258 /* Services/ProgressManager.swift in Sources */ = {isa = PBXBuildFile; fileRef = 73374CC078EFB861C38894F7 /* Services/ProgressManager.swift */; };
		7ECCB2726F2936039893512A /* Features/Auth/LoginView.swift in Sources */ = {isa = PBXBuildFile; fileRef = 6C54C26FCD8FBEC1D810C0BE /* Features/Auth/LoginView.swift */; };
		7F93B02666723DC9F0957000 /* Features/ViewModels.swift in Sources */ = {isa = PBXBuildFile; fileRef = 80FB0106677C079992214332 /* Features/ViewModels.swift */; };
		921F180B8DF407AC18192420 /* Models/Trip.swift in Sources */ = {isa = PBXBuildFile; fileRef = 657742D2154CA2EE35ECA715 /* Models/Trip.swift */; };
		98A62C586DEF06B71375FA25 /* Services/SubscriptionManager.swift in Sources */ = {isa = PBXBuildFile; fileRef = 36F9B558132DC0BB229E1AA6 /* Services/SubscriptionManager.swift */; };
		A0000000000000000000012 /* Assets.xcassets in Resources */ = {isa = PBXBuildFile; fileRef = A0000000000000000000011 /* Assets.xcassets */; };
		A3B9AF472F5C35BF005225A6 /* FirebaseAnalytics in Frameworks */ = {isa = PBXBuildFile; productRef = A3B9AF462F5C35BF005225A6 /* FirebaseAnalytics */; };
		A3B9AF492F5C35BF005225A6 /* FirebaseAuth in Frameworks */ = {isa = PBXBuildFile; productRef = A3B9AF482F5C35BF005225A6 /* FirebaseAuth */; };
		A3B9AF4B2F5C35BF005225A6 /* FirebaseFirestore in Frameworks */ = {isa = PBXBuildFile; productRef = A3B9AF4A2F5C35BF005225A6 /* FirebaseFirestore */; };
		A3B9AF4D2F5C3899005225A6 /* GoogleService-Info.plist in Resources */ = {isa = PBXBuildFile; fileRef = A3B9AF4C2F5C3899005225A6 /* GoogleService-Info.plist */; };
		A6777163F9120953D0379E25 /* Services/TripManager.swift in Sources */ = {isa = PBXBuildFile; fileRef = FDAFE21C9D0D17E7136C2408 /* Services/TripManager.swift */; };
		B02BD51050C33A1276C5E1C0 /* Services/AuthManager.swift in Sources */ = {isa = PBXBuildFile; fileRef = 01CBD4438BF19C866E2C0DD3 /* Services/AuthManager.swift */; };
		B27C438ECCB57D5E47109085 /* TickTripApp.swift in Sources */ = {isa = PBXBuildFile; fileRef = 1337AD270EA09CF17E44BC7E /* TickTripApp.swift */; };
		B8A3CDC18307F9554CA62667 /* Features/Onboarding/OnboardingView.swift in Sources */ = {isa = PBXBuildFile; fileRef = C38140F67E56E94C8E944A83 /* Features/Onboarding/OnboardingView.swift */; };
		BAAE2D130CCA1CE58291EFE3 /* Features/MyTrip/MyTripView.swift in Sources */ = {isa = PBXBuildFile; fileRef = EFF3F04B4A6CB45EE00884BC /* Features/MyTrip/MyTripView.swift */; };
		BB877E6FC9F69B9CE81AD1A7 /* ContentView.swift in Sources */ = {isa = PBXBuildFile; fileRef = E8877E54A3C0914740FCDA21 /* ContentView.swift */; };
		C3E2661014B1C3485058D96F /* Core/DesignSystem/Components/Components.swift in Sources */ = {isa = PBXBuildFile; fileRef = 9957257675BF87477C42BE74 /* Core/DesignSystem/Components/Components.swift */; };
		COMMSYNC0000000000000001 /* Services/CommunityService.swift in Sources */ = {isa = PBXBuildFile; fileRef = COMMSYNC0000000000000002 /* Services/CommunityService.swift */; };
		D6316D2B9BD068AE88B66CAB /* Models/User.swift in Sources */ = {isa = PBXBuildFile; fileRef = 8E19E55733BACB0D313EB80C /* Models/User.swift */; };
		DB55173C84D22AF4A32DEA19 /* Features/Community/CommunityView.swift in Sources */ = {isa = PBXBuildFile; fileRef = 33AAD2B23CCBD2A743E1EF5C /* Features/Community/CommunityView.swift */; };
		DF00AFEDCB695F1326230A54 /* Core/DesignSystem/Colors.swift in Sources */ = {isa = PBXBuildFile; fileRef = 2059DE2799C436F9ECA0D46F /* Core/DesignSystem/Colors.swift */; };
		EB597E5111CB241A829CF59E /* Features/Social/WorldView.swift in Sources */ = {isa = PBXBuildFile; fileRef = BAF46475C13F52AC2BB1E941 /* Features/Social/WorldView.swift */; };
		F2D8C631944BF9DA4843CA3F /* Features/Profile/ProfileView.swift in Sources */ = {isa = PBXBuildFile; fileRef = 929DFD06CA28AC79F7198A4E /* Features/Profile/ProfileView.swift */; };
		FIREBASEM000000000000001 /* Core/Utilities/FirebaseManager.swift in Sources */ = {isa = PBXBuildFile; fileRef = FIREBASEM000000000000002 /* Core/Utilities/FirebaseManager.swift */; };
		L10N00000000000000000001 /* Core/Utilities/LocalizationManager.swift in Sources */ = {isa = PBXBuildFile; fileRef = L10N00000000000000000002 /* Core/Utilities/LocalizationManager.swift */; };
		L10N00000000000000000003 /* Localizable.strings in Resources */ = {isa = PBXBuildFile; fileRef = L10N00000000000000000004 /* Localizable.strings */; };
		LEGAL0000000000000000001 /* Features/Legal/LegalView.swift in Sources */ = {isa = PBXBuildFile; fileRef = LEGAL0000000000000000002 /* Features/Legal/LegalView.swift */; };
		PROGSYNC0000000000000001 /* Services/ProgressService.swift in Sources */ = {isa = PBXBuildFile; fileRef = PROGSYNC0000000000000002 /* Services/ProgressService.swift */; };
		TRIPSYNC0000000000000001 /* Services/TripService.swift in Sources */ = {isa = PBXBuildFile; fileRef = TRIPSYNC0000000000000002 /* Services/TripService.swift */; };
		UNSPLASH00000000000000001 /* Core/Utilities/UnsplashConfig.swift in Sources */ = {isa = PBXBuildFile; fileRef = UNSPLASH00000000000000010 /* Core/Utilities/UnsplashConfig.swift */; };
		UNSPLASH00000000000000002 /* Services/UnsplashService.swift in Sources */ = {isa = PBXBuildFile; fileRef = UNSPLASH00000000000000020 /* Services/UnsplashService.swift */; };
		USERSYNC0000000000000001 /* Services/UserService.swift in Sources */ = {isa = PBXBuildFile; fileRef = USERSYNC0000000000000002 /* Services/UserService.swift */; };
/* End PBXBuildFile section */

/* Begin PBXFileReference section */
		01278C3F3E615C7E0C219668 /* Features/Auth/WelcomeView.swift */ = {isa = PBXFileReference; lastKnownFileType = sourcecode.swift; path = Features/Auth/WelcomeView.swift; sourceTree = "<group>"; };
		01CBD4438BF19C866E2C0DD3 /* Services/AuthManager.swift */ = {isa = PBXFileReference; lastKnownFileType = sourcecode.swift; path = Services/AuthManager.swift; sourceTree = "<group>"; };
		1337AD270EA09CF17E44BC7E /* TickTripApp.swift */ = {isa = PBXFileReference; lastKnownFileType = sourcecode.swift; path = TickTripApp.swift; sourceTree = "<group>"; };
		2059DE2799C436F9ECA0D46F /* Core/DesignSystem/Colors.swift */ = {isa = PBXFileReference; lastKnownFileType = sourcecode.swift; path = Core/DesignSystem/Colors.swift; sourceTree = "<group>"; };
		33AAD2B23CCBD2A743E1EF5C /* Features/Community/CommunityView.swift */ = {isa = PBXFileReference; lastKnownFileType = sourcecode.swift; path = Features/Community/CommunityView.swift; sourceTree = "<group>"; };
		36F9B558132DC0BB229E1AA6 /* Services/SubscriptionManager.swift */ = {isa = PBXFileReference; lastKnownFileType = sourcecode.swift; path = Services/SubscriptionManager.swift; sourceTree = "<group>"; };
		37B8EA3A365B421F65EEE37B /* Core/DesignSystem/Typography.swift */ = {isa = PBXFileReference; lastKnownFileType = sourcecode.swift; path = Core/DesignSystem/Typography.swift; sourceTree = "<group>"; };
		38D7D56D9C0FAFB4286D3643 /* Features/Subscription/PaywallView.swift */ = {isa = PBXFileReference; lastKnownFileType = sourcecode.swift; path = Features/Subscription/PaywallView.swift; sourceTree = "<group>"; };
		462C3FA5381F9817BE93B226 /* Models/Place.swift */ = {isa = PBXFileReference; lastKnownFileType = sourcecode.swift; path = Models/Place.swift; sourceTree = "<group>"; };
		657742D2154CA2EE35ECA715 /* Models/Trip.swift */ = {isa = PBXFileReference; lastKnownFileType = sourcecode.swift; path = Models/Trip.swift; sourceTree = "<group>"; };
		6C54C26FCD8FBEC1D810C0BE /* Features/Auth/LoginView.swift */ = {isa = PBXFileReference; lastKnownFileType = sourcecode.swift; path = Features/Auth/LoginView.swift; sourceTree = "<group>"; };
		73374CC078EFB861C38894F7 /* Services/ProgressManager.swift */ = {isa = PBXFileReference; lastKnownFileType = sourcecode.swift; path = Services/ProgressManager.swift; sourceTree = "<group>"; };
		80FB0106677C079992214332 /* Features/ViewModels.swift */ = {isa = PBXFileReference; lastKnownFileType = sourcecode.swift; path = Features/ViewModels.swift; sourceTree = "<group>"; };
		83F30A3BF1219D3E52663768 /* Core/Extensions/View+Extensions.swift */ = {isa = PBXFileReference; lastKnownFileType = sourcecode.swift; path = "Core/Extensions/View+Extensions.swift"; sourceTree = "<group>"; };
		8E19E55733BACB0D313EB80C /* Models/User.swift */ = {isa = PBXFileReference; lastKnownFileType = sourcecode.swift; path = Models/User.swift; sourceTree = "<group>"; };
		929DFD06CA28AC79F7198A4E /* Features/Profile/ProfileView.swift */ = {isa = PBXFileReference; lastKnownFileType = sourcecode.swift; path = Features/Profile/ProfileView.swift; sourceTree = "<group>"; };
		945AA91C90214632B66D9A83 /* Models/Country.swift */ = {isa = PBXFileReference; lastKnownFileType = sourcecode.swift; path = Models/Country.swift; sourceTree = "<group>"; };
		9957257675BF87477C42BE74 /* Core/DesignSystem/Components/Components.swift */ = {isa = PBXFileReference; lastKnownFileType = sourcecode.swift; path = Core/DesignSystem/Components/Components.swift; sourceTree = "<group>"; };
		A000000000000000000000F /* TickTrip.app */ = {isa = PBXFileReference; explicitFileType = wrapper.application; includeInIndex = 0; path = TickTrip.app; sourceTree = BUILT_PRODUCTS_DIR; };
		A0000000000000000000011 /* Assets.xcassets */ = {isa = PBXFileReference; lastKnownFileType = folder.assetcatalog; path = Assets.xcassets; sourceTree = "<group>"; };
		A3B9AF4C2F5C3899005225A6 /* GoogleService-Info.plist */ = {isa = PBXFileReference; lastKnownFileType = text.plist.xml; path = "GoogleService-Info.plist"; sourceTree = "<group>"; };
		BAF46475C13F52AC2BB1E941 /* Features/Social/WorldView.swift */ = {isa = PBXFileReference; lastKnownFileType = sourcecode.swift; path = Features/Social/WorldView.swift; sourceTree = "<group>"; };
		BDDA812091A927A0132092C9 /* Models/CommunityPost.swift */ = {isa = PBXFileReference; lastKnownFileType = sourcecode.swift; path = Models/CommunityPost.swift; sourceTree = "<group>"; };
		C38140F67E56E94C8E944A83 /* Features/Onboarding/OnboardingView.swift */ = {isa = PBXFileReference; lastKnownFileType = sourcecode.swift; path = Features/Onboarding/OnboardingView.swift; sourceTree = "<group>"; };
		C8AB938F2FAD9198FEAF1CC1 /* Core/Utilities/HapticManager.swift */ = {isa = PBXFileReference; lastKnownFileType = sourcecode.swift; path = Core/Utilities/HapticManager.swift; sourceTree = "<group>"; };
		CDE99790B193BFDC6A48228F /* Models/City.swift */ = {isa = PBXFileReference; lastKnownFileType = sourcecode.swift; path = Models/City.swift; sourceTree = "<group>"; };
		COMMSYNC0000000000000002 /* Services/CommunityService.swift */ = {isa = PBXFileReference; lastKnownFileType = sourcecode.swift; path = Services/CommunityService.swift; sourceTree = "<group>"; };
		D1486C155FD6321A56ACE2AE /* Features/Explore/ExploreView.swift */ = {isa = PBXFileReference; lastKnownFileType = sourcecode.swift; path = Features/Explore/ExploreView.swift; sourceTree = "<group>"; };
		D9B6FD2B98A083D497B367BA /* Models/Achievement.swift */ = {isa = PBXFileReference; lastKnownFileType = sourcecode.swift; path = Models/Achievement.swift; sourceTree = "<group>"; };
		E8877E54A3C0914740FCDA21 /* ContentView.swift */ = {isa = PBXFileReference; lastKnownFileType = sourcecode.swift; path = ContentView.swift; sourceTree = "<group>"; };
		EFF3F04B4A6CB45EE00884BC /* Features/MyTrip/MyTripView.swift */ = {isa = PBXFileReference; lastKnownFileType = sourcecode.swift; path = Features/MyTrip/MyTripView.swift; sourceTree = "<group>"; };
		FDAFE21C9D0D17E7136C2408 /* Services/TripManager.swift */ = {isa = PBXFileReference; lastKnownFileType = sourcecode.swift; path = Services/TripManager.swift; sourceTree = "<group>"; };
		FIREBASEM000000000000002 /* Core/Utilities/FirebaseManager.swift */ = {isa = PBXFileReference; lastKnownFileType = sourcecode.swift; path = Core/Utilities/FirebaseManager.swift; sourceTree = "<group>"; };
		L10N00000000000000000002 /* Core/Utilities/LocalizationManager.swift */ = {isa = PBXFileReference; lastKnownFileType = sourcecode.swift; path = Core/Utilities/LocalizationManager.swift; sourceTree = "<group>"; };
		L10N00000000000000000005 /* en */ = {isa = PBXFileReference; lastKnownFileType = text.plist.strings; name = en; path = en.lproj/Localizable.strings; sourceTree = "<group>"; };
		L10N00000000000000000006 /* es */ = {isa = PBXFileReference; lastKnownFileType = text.plist.strings; name = es; path = es.lproj/Localizable.strings; sourceTree = "<group>"; };
		L10N00000000000000000007 /* de */ = {isa = PBXFileReference; lastKnownFileType = text.plist.strings; name = de; path = de.lproj/Localizable.strings; sourceTree = "<group>"; };
		L10N00000000000000000008 /* fr */ = {isa = PBXFileReference; lastKnownFileType = text.plist.strings; name = fr; path = fr.lproj/Localizable.strings; sourceTree = "<group>"; };
		L10N00000000000000000009 /* tr */ = {isa = PBXFileReference; lastKnownFileType = text.plist.strings; name = tr; path = tr.lproj/Localizable.strings; sourceTree = "<group>"; };
		LEGAL0000000000000000002 /* Features/Legal/LegalView.swift */ = {isa = PBXFileReference; lastKnownFileType = sourcecode.swift; path = Features/Legal/LegalView.swift; sourceTree = "<group>"; };
		PROGSYNC0000000000000002 /* Services/ProgressService.swift */ = {isa = PBXFileReference; lastKnownFileType = sourcecode.swift; path = Services/ProgressService.swift; sourceTree = "<group>"; };
		TRIPSYNC0000000000000002 /* Services/TripService.swift */ = {isa = PBXFileReference; lastKnownFileType = sourcecode.swift; path = Services/TripService.swift; sourceTree = "<group>"; };
		UNSPLASH00000000000000010 /* Core/Utilities/UnsplashConfig.swift */ = {isa = PBXFileReference; lastKnownFileType = sourcecode.swift; path = Core/Utilities/UnsplashConfig.swift; sourceTree = "<group>"; };
		UNSPLASH00000000000000020 /* Services/UnsplashService.swift */ = {isa = PBXFileReference; lastKnownFileType = sourcecode.swift; path = Services/UnsplashService.swift; sourceTree = "<group>"; };
		USERSYNC0000000000000002 /* Services/UserService.swift */ = {isa = PBXFileReference; lastKnownFileType = sourcecode.swift; path = Services/UserService.swift; sourceTree = "<group>"; };
/* End PBXFileReference section */

/* Begin PBXFrameworksBuildPhase section */
		A000000000000000000000E /* Frameworks */ = {
			isa = PBXFrameworksBuildPhase;
			buildActionMask = 2147483647;
			files = (
				A3B9AF472F5C35BF005225A6 /* FirebaseAnalytics in Frameworks */,
				A3B9AF492F5C35BF005225A6 /* FirebaseAuth in Frameworks */,
				A3B9AF4B2F5C35BF005225A6 /* FirebaseFirestore in Frameworks */,
			);
			runOnlyForDeploymentPostprocessing = 0;
		};
/* End PBXFrameworksBuildPhase section */

/* Begin PBXGroup section */
		A0000000000000000000002 = {
			isa = PBXGroup;
			children = (
				A0000000000000000000003 /* TickTrip */,
				A0000000000000000000010 /* Products */,
			);
			sourceTree = "<group>";
		};
		A0000000000000000000003 /* TickTrip */ = {
			isa = PBXGroup;
			children = (
				E8877E54A3C0914740FCDA21 /* ContentView.swift */,
				2059DE2799C436F9ECA0D46F /* Core/DesignSystem/Colors.swift */,
				9957257675BF87477C42BE74 /* Core/DesignSystem/Components/Components.swift */,
				37B8EA3A365B421F65EEE37B /* Core/DesignSystem/Typography.swift */,
				83F30A3BF1219D3E52663768 /* Core/Extensions/View+Extensions.swift */,
				C8AB938F2FAD9198FEAF1CC1 /* Core/Utilities/HapticManager.swift */,
				6C54C26FCD8FBEC1D810C0BE /* Features/Auth/LoginView.swift */,
				01278C3F3E615C7E0C219668 /* Features/Auth/WelcomeView.swift */,
				33AAD2B23CCBD2A743E1EF5C /* Features/Community/CommunityView.swift */,
				D1486C155FD6321A56ACE2AE /* Features/Explore/ExploreView.swift */,
				EFF3F04B4A6CB45EE00884BC /* Features/MyTrip/MyTripView.swift */,
				C38140F67E56E94C8E944A83 /* Features/Onboarding/OnboardingView.swift */,
				929DFD06CA28AC79F7198A4E /* Features/Profile/ProfileView.swift */,
				BAF46475C13F52AC2BB1E941 /* Features/Social/WorldView.swift */,
				38D7D56D9C0FAFB4286D3643 /* Features/Subscription/PaywallView.swift */,
				80FB0106677C079992214332 /* Features/ViewModels.swift */,
				D9B6FD2B98A083D497B367BA /* Models/Achievement.swift */,
				CDE99790B193BFDC6A48228F /* Models/City.swift */,
				BDDA812091A927A0132092C9 /* Models/CommunityPost.swift */,
				945AA91C90214632B66D9A83 /* Models/Country.swift */,
				462C3FA5381F9817BE93B226 /* Models/Place.swift */,
				657742D2154CA2EE35ECA715 /* Models/Trip.swift */,
				8E19E55733BACB0D313EB80C /* Models/User.swift */,
				01CBD4438BF19C866E2C0DD3 /* Services/AuthManager.swift */,
				73374CC078EFB861C38894F7 /* Services/ProgressManager.swift */,
				36F9B558132DC0BB229E1AA6 /* Services/SubscriptionManager.swift */,
				FDAFE21C9D0D17E7136C2408 /* Services/TripManager.swift */,
				1337AD270EA09CF17E44BC7E /* TickTripApp.swift */,
				A0000000000000000000011 /* Assets.xcassets */,
				L10N00000000000000000002 /* Core/Utilities/LocalizationManager.swift */,
				L10N00000000000000000004 /* Localizable.strings */,
				LEGAL0000000000000000002 /* Features/Legal/LegalView.swift */,
				UNSPLASH00000000000000010 /* Core/Utilities/UnsplashConfig.swift */,
				UNSPLASH00000000000000020 /* Services/UnsplashService.swift */,
				FIREBASEM000000000000002 /* Core/Utilities/FirebaseManager.swift */,
				USERSYNC0000000000000002 /* Services/UserService.swift */,
				TRIPSYNC0000000000000002 /* Services/TripService.swift */,
				PROGSYNC0000000000000002 /* Services/ProgressService.swift */,
				COMMSYNC0000000000000002 /* Services/CommunityService.swift */,
				A3B9AF4C2F5C3899005225A6 /* GoogleService-Info.plist */,
			);
			path = TickTrip;
			sourceTree = "<group>";
		};
		A0000000000000000000010 /* Products */ = {
			isa = PBXGroup;
			children = (
				A000000000000000000000F /* TickTrip.app */,
			);
			name = Products;
			sourceTree = "<group>";
		};
/* End PBXGroup section */

/* Begin PBXNativeTarget section */
		A0000000000000000000005 /* TickTrip */ = {
			isa = PBXNativeTarget;
			buildConfigurationList = A0000000000000000000007 /* Build configuration list for PBXNativeTarget "TickTrip" */;
			buildPhases = (
				A000000000000000000000C /* Sources */,
				A000000000000000000000E /* Frameworks */,
				A000000000000000000000D /* Resources */,
			);
			buildRules = (
			);
			dependencies = (
			);
			name = TickTrip;
			productName = TickTrip;
			productReference = A000000000000000000000F /* TickTrip.app */;
			productType = "com.apple.product-type.application";
		};
/* End PBXNativeTarget section */

/* Begin PBXProject section */
		A0000000000000000000001 /* Project object */ = {
			isa = PBXProject;
			attributes = {
				BuildIndependentTargetsInParallel = 1;
				LastSwiftUpdateCheck = 1540;
				LastUpgradeCheck = 1540;
			};
			buildConfigurationList = A0000000000000000000006 /* Build configuration list for PBXProject "TickTrip" */;
			compatibilityVersion = "Xcode 14.0";
			developmentRegion = en;
			hasScannedForEncodings = 0;
			knownRegions = (
				en,
				es,
				de,
				fr,
				tr,
				Base,
			);
			mainGroup = A0000000000000000000002;
			packageReferences = (
				A3B9AF452F5C35BF005225A6 /* XCRemoteSwiftPackageReference "firebase-ios-sdk" */,
			);
			productRefGroup = A0000000000000000000010 /* Products */;
			projectDirPath = "";
			projectRoot = "";
			targets = (
				A0000000000000000000005 /* TickTrip */,
			);
		};
/* End PBXProject section */

/* Begin PBXResourcesBuildPhase section */
		A000000000000000000000D /* Resources */ = {
			isa = PBXResourcesBuildPhase;
			buildActionMask = 2147483647;
			files = (
				A0000000000000000000012 /* Assets.xcassets in Resources */,
				L10N00000000000000000003 /* Localizable.strings in Resources */,
				A3B9AF4D2F5C3899005225A6 /* GoogleService-Info.plist in Resources */,
			);
			runOnlyForDeploymentPostprocessing = 0;
		};
/* End PBXResourcesBuildPhase section */

/* Begin PBXSourcesBuildPhase section */
		A000000000000000000000C /* Sources */ = {
			isa = PBXSourcesBuildPhase;
			buildActionMask = 2147483647;
			files = (
				BB877E6FC9F69B9CE81AD1A7 /* ContentView.swift in Sources */,
				DF00AFEDCB695F1326230A54 /* Core/DesignSystem/Colors.swift in Sources */,
				C3E2661014B1C3485058D96F /* Core/DesignSystem/Components/Components.swift in Sources */,
				4D7CE563F900B9FE2D567EF1 /* Core/DesignSystem/Typography.swift in Sources */,
				3B600D77746C8517363466BB /* Core/Extensions/View+Extensions.swift in Sources */,
				525C1B2C938E48BE0E429B05 /* Core/Utilities/HapticManager.swift in Sources */,
				7ECCB2726F2936039893512A /* Features/Auth/LoginView.swift in Sources */,
				3684D71D50721500C80C1DEF /* Features/Auth/WelcomeView.swift in Sources */,
				DB55173C84D22AF4A32DEA19 /* Features/Community/CommunityView.swift in Sources */,
				242BFC6536C364D6E481A725 /* Features/Explore/ExploreView.swift in Sources */,
				BAAE2D130CCA1CE58291EFE3 /* Features/MyTrip/MyTripView.swift in Sources */,
				B8A3CDC18307F9554CA62667 /* Features/Onboarding/OnboardingView.swift in Sources */,
				F2D8C631944BF9DA4843CA3F /* Features/Profile/ProfileView.swift in Sources */,
				EB597E5111CB241A829CF59E /* Features/Social/WorldView.swift in Sources */,
				2C07F0F06FF25AE0E3B37EBA /* Features/Subscription/PaywallView.swift in Sources */,
				7F93B02666723DC9F0957000 /* Features/ViewModels.swift in Sources */,
				0395D1BD30620340EB88B731 /* Models/Achievement.swift in Sources */,
				16B56EA1799D6E9D3F16FA00 /* Models/City.swift in Sources */,
				6EB56006C8B1381F57469273 /* Models/CommunityPost.swift in Sources */,
				769B7CA8353155C5B54AE5F0 /* Models/Country.swift in Sources */,
				0038E9054B5B826E150E0CFC /* Models/Place.swift in Sources */,
				921F180B8DF407AC18192420 /* Models/Trip.swift in Sources */,
				D6316D2B9BD068AE88B66CAB /* Models/User.swift in Sources */,
				B02BD51050C33A1276C5E1C0 /* Services/AuthManager.swift in Sources */,
				7C6108BB8A262C49B0648258 /* Services/ProgressManager.swift in Sources */,
				98A62C586DEF06B71375FA25 /* Services/SubscriptionManager.swift in Sources */,
				A6777163F9120953D0379E25 /* Services/TripManager.swift in Sources */,
				B27C438ECCB57D5E47109085 /* TickTripApp.swift in Sources */,
				L10N00000000000000000001 /* Core/Utilities/LocalizationManager.swift in Sources */,
				LEGAL0000000000000000001 /* Features/Legal/LegalView.swift in Sources */,
				UNSPLASH00000000000000001 /* Core/Utilities/UnsplashConfig.swift in Sources */,
				UNSPLASH00000000000000002 /* Services/UnsplashService.swift in Sources */,
				FIREBASEM000000000000001 /* Core/Utilities/FirebaseManager.swift in Sources */,
				USERSYNC0000000000000001 /* Services/UserService.swift in Sources */,
				TRIPSYNC0000000000000001 /* Services/TripService.swift in Sources */,
				PROGSYNC0000000000000001 /* Services/ProgressService.swift in Sources */,
				COMMSYNC0000000000000001 /* Services/CommunityService.swift in Sources */,
			);
			runOnlyForDeploymentPostprocessing = 0;
		};
/* End PBXSourcesBuildPhase section */

/* Begin PBXVariantGroup section */
		L10N00000000000000000004 /* Localizable.strings */ = {
			isa = PBXVariantGroup;
			children = (
				L10N00000000000000000005 /* en */,
				L10N00000000000000000006 /* es */,
				L10N00000000000000000007 /* de */,
				L10N00000000000000000008 /* fr */,
				L10N00000000000000000009 /* tr */,
			);
			name = Localizable.strings;
			sourceTree = "<group>";
		};
/* End PBXVariantGroup section */

/* Begin XCBuildConfiguration section */
		A0000000000000000000008 /* Debug */ = {
			isa = XCBuildConfiguration;
			buildSettings = {
				ALWAYS_SEARCH_USER_PATHS = NO;
				ASCIOSLOGLEVEL = 0;
				CLANG_ANALYZER_NONNULL = YES;
				CLANG_ANALYZER_NUMBER_OBJECT_CONVERSION = YES_AGGRESSIVE;
				CLANG_CXX_LANGUAGE_STANDARD = "gnu++20";
				CLANG_ENABLE_MODULES = YES;
				CLANG_ENABLE_OBJC_ARC = YES;
				CLANG_ENABLE_OBJC_WEAK = YES;
				CLANG_WARN_BLOCK_CAPTURE_AUTORELEASING = YES;
				CLANG_WARN_BOOL_CONVERSION = YES;
				CLANG_WARN_COMMA = YES;
				CLANG_WARN_CONSTANT_CONVERSION = YES;
				CLANG_WARN_DEPRECATED_OBJC_IMPLEMENTATIONS = YES;
				CLANG_WARN_DIRECT_OBJC_ISA_USAGE = YES_ERROR;
				CLANG_WARN_DOCUMENTATION_COMMENTS = YES;
				CLANG_WARN_EMPTY_BODY = YES;
				CLANG_WARN_ENUM_CONVERSION = YES;
				CLANG_WARN_INFINITE_RECURSION = YES;
				CLANG_WARN_INT_CONVERSION = YES;
				CLANG_WARN_NON_LITERAL_NULL_CONVERSION = YES;
				CLANG_WARN_OBJC_IMPLICIT_RETAIN_SELF = YES;
				CLANG_WARN_OBJC_LITERAL_CONVERSION = YES;
				CLANG_WARN_OBJC_ROOT_CLASS = YES_ERROR;
				CLANG_WARN_QUOTED_INCLUDE_IN_FRAMEWORK_HEADER = YES;
				CLANG_WARN_RANGE_LOOP_ANALYSIS = YES;
				CLANG_WARN_STRICT_PROTOTYPES = YES;
				CLANG_WARN_SUSPICIOUS_MOVE = YES;
				CLANG_WARN_UNGUARDED_AVAILABILITY = YES_AGGRESSIVE;
				CLANG_WARN_UNREACHABLE_CODE = YES;
				CLANG_WARN__DUPLICATE_METHOD_MATCH = YES;
				COPY_PHASE_STRIP = NO;
				DEBUG_INFORMATION_FORMAT = dwarf;
				ENABLE_STRICT_OBJC_MSGSEND = YES;
				ENABLE_TESTABILITY = YES;
				ENABLE_USER_SCRIPT_SANDBOXING = YES;
				GCC_C_LANGUAGE_STANDARD = gnu17;
				GCC_DYNAMIC_NO_PIC = NO;
				GCC_NO_COMMON_BLOCKS = YES;
				GCC_OPTIMIZATION_LEVEL = 0;
				GCC_PREPROCESSOR_DEFINITIONS = (
					"DEBUG=1",
					"$(inherited)",
				);
				GCC_WARN_64_TO_32_BIT_CONVERSION = YES;
				GCC_WARN_ABOUT_RETURN_TYPE = YES_ERROR;
				GCC_WARN_UNDECLARED_SELECTOR = YES;
				GCC_WARN_UNINITIALIZED_AUTOS = YES_AGGRESSIVE;
				GCC_WARN_UNUSED_FUNCTION = YES;
				GCC_WARN_UNUSED_VARIABLE = YES;
				IPHONEOS_DEPLOYMENT_TARGET = 17.0;
				LOCALIZATION_PREFERS_STRING_CATALOGS = YES;
				MTL_ENABLE_DEBUG_INFO = INCLUDE_SOURCE;
				MTL_FAST_MATH = YES;
				ONLY_ACTIVE_ARCH = YES;
				SDKROOT = iphoneos;
				SWIFT_ACTIVE_COMPILATION_CONDITIONS = "DEBUG $(inherited)";
				SWIFT_OPTIMIZATION_LEVEL = "-Onone";
			};
			name = Debug;
		};
		A0000000000000000000009 /* Release */ = {
			isa = XCBuildConfiguration;
			buildSettings = {
				ALWAYS_SEARCH_USER_PATHS = NO;
				ASCIOSLOGLEVEL = 0;
				CLANG_ANALYZER_NONNULL = YES;
				CLANG_ANALYZER_NUMBER_OBJECT_CONVERSION = YES_AGGRESSIVE;
				CLANG_CXX_LANGUAGE_STANDARD = "gnu++20";
				CLANG_ENABLE_MODULES = YES;
				CLANG_ENABLE_OBJC_ARC = YES;
				CLANG_ENABLE_OBJC_WEAK = YES;
				CLANG_WARN_BLOCK_CAPTURE_AUTORELEASING = YES;
				CLANG_WARN_BOOL_CONVERSION = YES;
				CLANG_WARN_COMMA = YES;
				CLANG_WARN_CONSTANT_CONVERSION = YES;
				CLANG_WARN_DEPRECATED_OBJC_IMPLEMENTATIONS = YES;
				CLANG_WARN_DIRECT_OBJC_ISA_USAGE = YES_ERROR;
				CLANG_WARN_DOCUMENTATION_COMMENTS = YES;
				CLANG_WARN_EMPTY_BODY = YES;
				CLANG_WARN_ENUM_CONVERSION = YES;
				CLANG_WARN_INFINITE_RECURSION = YES;
				CLANG_WARN_INT_CONVERSION = YES;
				CLANG_WARN_NON_LITERAL_NULL_CONVERSION = YES;
				CLANG_WARN_OBJC_IMPLICIT_RETAIN_SELF = YES;
				CLANG_WARN_OBJC_LITERAL_CONVERSION = YES;
				CLANG_WARN_OBJC_ROOT_CLASS = YES_ERROR;
				CLANG_WARN_QUOTED_INCLUDE_IN_FRAMEWORK_HEADER = YES;
				CLANG_WARN_RANGE_LOOP_ANALYSIS = YES;
				CLANG_WARN_STRICT_PROTOTYPES = YES;
				CLANG_WARN_SUSPICIOUS_MOVE = YES;
				CLANG_WARN_UNGUARDED_AVAILABILITY = YES_AGGRESSIVE;
				CLANG_WARN_UNREACHABLE_CODE = YES;
				CLANG_WARN__DUPLICATE_METHOD_MATCH = YES;
				COPY_PHASE_STRIP = NO;
				DEBUG_INFORMATION_FORMAT = "dwarf-with-dsym";
				ENABLE_NS_ASSERTIONS = NO;
				ENABLE_STRICT_OBJC_MSGSEND = YES;
				ENABLE_USER_SCRIPT_SANDBOXING = YES;
				GCC_C_LANGUAGE_STANDARD = gnu17;
				GCC_NO_COMMON_BLOCKS = YES;
				GCC_WARN_64_TO_32_BIT_CONVERSION = YES;
				GCC_WARN_ABOUT_RETURN_TYPE = YES_ERROR;
				GCC_WARN_UNDECLARED_SELECTOR = YES;
				GCC_WARN_UNINITIALIZED_AUTOS = YES_AGGRESSIVE;
				GCC_WARN_UNUSED_FUNCTION = YES;
				GCC_WARN_UNUSED_VARIABLE = YES;
				IPHONEOS_DEPLOYMENT_TARGET = 17.0;
				LOCALIZATION_PREFERS_STRING_CATALOGS = YES;
				MTL_ENABLE_DEBUG_INFO = NO;
				MTL_FAST_MATH = YES;
				SDKROOT = iphoneos;
				SWIFT_COMPILATION_MODE = wholemodule;
				VALIDATE_PRODUCT = YES;
			};
			name = Release;
		};
		A000000000000000000000A /* Debug */ = {
			isa = XCBuildConfiguration;
			buildSettings = {
				ASSETCATALOG_COMPILER_APPICON_NAME = AppIcon;
				ASSETCATALOG_COMPILER_GLOBAL_ACCENT_COLOR_NAME = AccentColor;
				CODE_SIGN_STYLE = Automatic;
				CURRENT_PROJECT_VERSION = 1;
				GENERATE_INFOPLIST_FILE = YES;
				INFOPLIST_KEY_CFBundleDisplayName = TickTrip;
				INFOPLIST_KEY_LSApplicationCategoryType = "public.app-category.travel";
				INFOPLIST_KEY_UIApplicationSceneManifest_Generation = YES;
				INFOPLIST_KEY_UIApplicationSupportsIndirectInputEvents = YES;
				INFOPLIST_KEY_UILaunchScreen_Generation = YES;
				INFOPLIST_KEY_UISupportedInterfaceOrientations_iPhone = UIInterfaceOrientationPortrait;
				LD_RUNPATH_SEARCH_PATHS = (
					"$(inherited)",
					"@executable_path/Frameworks",
				);
				MARKETING_VERSION = 1.0.0;
				PRODUCT_BUNDLE_IDENTIFIER = com.ticktrip.app;
				PRODUCT_NAME = "$(TARGET_NAME)";
				SWIFT_EMIT_LOC_STRINGS = YES;
				SWIFT_VERSION = 5.0;
				TARGETED_DEVICE_FAMILY = 1;
			};
			name = Debug;
		};
		A000000000000000000000B /* Release */ = {
			isa = XCBuildConfiguration;
			buildSettings = {
				ASSETCATALOG_COMPILER_APPICON_NAME = AppIcon;
				ASSETCATALOG_COMPILER_GLOBAL_ACCENT_COLOR_NAME = AccentColor;
				CODE_SIGN_STYLE = Automatic;
				CURRENT_PROJECT_VERSION = 1;
				GENERATE_INFOPLIST_FILE = YES;
				INFOPLIST_KEY_CFBundleDisplayName = TickTrip;
				INFOPLIST_KEY_LSApplicationCategoryType = "public.app-category.travel";
				INFOPLIST_KEY_UIApplicationSceneManifest_Generation = YES;
				INFOPLIST_KEY_UIApplicationSupportsIndirectInputEvents = YES;
				INFOPLIST_KEY_UILaunchScreen_Generation = YES;
				INFOPLIST_KEY_UISupportedInterfaceOrientations_iPhone = UIInterfaceOrientationPortrait;
				LD_RUNPATH_SEARCH_PATHS = (
					"$(inherited)",
					"@executable_path/Frameworks",
				);
				MARKETING_VERSION = 1.0.0;
				PRODUCT_BUNDLE_IDENTIFIER = com.ticktrip.app;
				PRODUCT_NAME = "$(TARGET_NAME)";
				SWIFT_EMIT_LOC_STRINGS = YES;
				SWIFT_VERSION = 5.0;
				TARGETED_DEVICE_FAMILY = 1;
			};
			name = Release;
		};
/* End XCBuildConfiguration section */

/* Begin XCConfigurationList section */
		A0000000000000000000006 /* Build configuration list for PBXProject "TickTrip" */ = {
			isa = XCConfigurationList;
			buildConfigurations = (
				A0000000000000000000008 /* Debug */,
				A0000000000000000000009 /* Release */,
			);
			defaultConfigurationIsVisible = 0;
			defaultConfigurationName = Release;
		};
		A0000000000000000000007 /* Build configuration list for PBXNativeTarget "TickTrip" */ = {
			isa = XCConfigurationList;
			buildConfigurations = (
				A000000000000000000000A /* Debug */,
				A000000000000000000000B /* Release */,
			);
			defaultConfigurationIsVisible = 0;
			defaultConfigurationName = Release;
		};
/* End XCConfigurationList section */

/* Begin XCRemoteSwiftPackageReference section */
		A3B9AF452F5C35BF005225A6 /* XCRemoteSwiftPackageReference "firebase-ios-sdk" */ = {
			isa = XCRemoteSwiftPackageReference;
			repositoryURL = "https://github.com/firebase/firebase-ios-sdk";
			requirement = {
				kind = upToNextMajorVersion;
				minimumVersion = 12.10.0;
			};
		};
/* End XCRemoteSwiftPackageReference section */

/* Begin XCSwiftPackageProductDependency section */
		A3B9AF462F5C35BF005225A6 /* FirebaseAnalytics */ = {
			isa = XCSwiftPackageProductDependency;
			package = A3B9AF452F5C35BF005225A6 /* XCRemoteSwiftPackageReference "firebase-ios-sdk" */;
			productName = FirebaseAnalytics;
		};
		A3B9AF482F5C35BF005225A6 /* FirebaseAuth */ = {
			isa = XCSwiftPackageProductDependency;
			package = A3B9AF452F5C35BF005225A6 /* XCRemoteSwiftPackageReference "firebase-ios-sdk" */;
			productName = FirebaseAuth;
		};
		A3B9AF4A2F5C35BF005225A6 /* FirebaseFirestore */ = {
			isa = XCSwiftPackageProductDependency;
			package = A3B9AF452F5C35BF005225A6 /* XCRemoteSwiftPackageReference "firebase-ios-sdk" */;
			productName = FirebaseFirestore;
		};
/* End XCSwiftPackageProductDependency section */
	};
	rootObject = A0000000000000000000001 /* Project object */;
}
